<?xml version="1.0" encoding="utf-8"?>
<Project ToolsVersion="4.0" xmlns="http://schemas.microsoft.com/developer/msbuild/2003">
  <ItemGroup>
    <Filter Include="源文件">
      <UniqueIdentifier>{4FC737F1-C7A5-4376-A066-2A32D752A2FF}</UniqueIdentifier>
      <Extensions>cpp;c;cc;cxx;c++;cppm;ixx;def;odl;idl;hpj;bat;asm;asmx</Extensions>
    </Filter>
    <Filter Include="头文件">
      <UniqueIdentifier>{93995380-89BD-4b04-88EB-625FBE52EBFB}</UniqueIdentifier>
      <Extensions>h;hh;hpp;hxx;h++;hm;inl;inc;ipp;xsd</Extensions>
    </Filter>
    <Filter Include="资源文件">
      <UniqueIdentifier>{67DA6AB6-F800-4c08-8B7A-83BB121AAD01}</UniqueIdentifier>
      <Extensions>rc;ico;cur;bmp;dlg;rc2;rct;bin;rgs;gif;jpg;jpeg;jpe;resx;tiff;tif;png;wav;mfcribbon-ms</Extensions>
    </Filter>
    <Filter Include="头文件\DXRHelper">
      <UniqueIdentifier>{f1ae8eca-f105-4843-9db5-4e973f3328c6}</UniqueIdentifier>
    </Filter>
    <Filter Include="源文件\DXRHelper">
      <UniqueIdentifier>{8e98b1f5-8a06-459a-9e0d-9dac4c1fa382}</UniqueIdentifier>
    </Filter>
    <Filter Include="资源文件\RayTracingShaders">
      <UniqueIdentifier>{43b5b5b2-0bf1-47fc-902c-4523532097b2}</UniqueIdentifier>
    </Filter>
    <Filter Include="头文件\Raytracing">
      <UniqueIdentifier>{9ec97da4-5320-461b-a11f-fa382d19deb0}</UniqueIdentifier>
    </Filter>
    <Filter Include="头文件\Raster">
      <UniqueIdentifier>{7df2f183-dd95-4eab-8db4-051e23e00a76}</UniqueIdentifier>
    </Filter>
    <Filter Include="源文件\Raytracing">
      <UniqueIdentifier>{a6a8bb33-520b-4ab8-abf8-5a57eda2582d}</UniqueIdentifier>
    </Filter>
    <Filter Include="源文件\Raster">
      <UniqueIdentifier>{11e6b409-b824-4b83-a3a2-3a0554dc608a}</UniqueIdentifier>
    </Filter>
    <Filter Include="头文件\DescriptorAllocator">
      <UniqueIdentifier>{df59c39f-a7d9-40ed-96b1-ebe492683539}</UniqueIdentifier>
    </Filter>
    <Filter Include="源文件\DescriptorAllocator">
      <UniqueIdentifier>{9fe45a0f-e5e1-4732-aa89-b2a78bcd8460}</UniqueIdentifier>
    </Filter>
  </ItemGroup>
  <ItemGroup>
    <ClCompile Include="src\Application.cpp">
      <Filter>源文件</Filter>
    </ClCompile>
    <ClCompile Include="src\CommandQueue.cpp">
      <Filter>源文件</Filter>
    </ClCompile>
    <ClCompile Include="src\Engine.cpp">
      <Filter>源文件</Filter>
    </ClCompile>
    <ClCompile Include="src\HighResolutionClock.cpp">
      <Filter>源文件</Filter>
    </ClCompile>
    <ClCompile Include="src\Window.cpp">
      <Filter>源文件</Filter>
    </ClCompile>
    <ClCompile Include="src\SampleScene.cpp">
      <Filter>源文件</Filter>
    </ClCompile>
    <ClCompile Include="src\Debug.cpp">
      <Filter>源文件</Filter>
    </ClCompile>
    <ClCompile Include="src\LogQueue.cpp">
      <Filter>源文件</Filter>
    </ClCompile>
    <ClCompile Include="external\DXRHelpers\nv_helpers_dx12\BottomLevelASGenerator.cpp">
      <Filter>源文件\DXRHelper</Filter>
    </ClCompile>
    <ClCompile Include="external\DXRHelpers\nv_helpers_dx12\RaytracingPipelineGenerator.cpp">
      <Filter>源文件\DXRHelper</Filter>
    </ClCompile>
    <ClCompile Include="external\DXRHelpers\nv_helpers_dx12\RootSignatureGenerator.cpp">
      <Filter>源文件\DXRHelper</Filter>
    </ClCompile>
    <ClCompile Include="external\DXRHelpers\nv_helpers_dx12\ShaderBindingTableGenerator.cpp">
      <Filter>源文件\DXRHelper</Filter>
    </ClCompile>
    <ClCompile Include="external\DXRHelpers\nv_helpers_dx12\TopLevelASGenerator.cpp">
      <Filter>源文件\DXRHelper</Filter>
    </ClCompile>
    <ClCompile Include="src\Camera.cpp">
      <Filter>源文件</Filter>
    </ClCompile>
    <ClCompile Include="src\UploadBuffer.cpp">
      <Filter>源文件</Filter>
    </ClCompile>
    <ClCompile Include="src\Raster\RasterPipeline.cpp">
      <Filter>源文件\Raster</Filter>
    </ClCompile>
    <ClCompile Include="src\Raytracing\RaytracingPipeline.cpp">
      <Filter>源文件\Raytracing</Filter>
    </ClCompile>
    <ClCompile Include="src\DescriptorAllocator\DescriptorAllocation.cpp">
      <Filter>源文件\DescriptorAllocator</Filter>
    </ClCompile>
    <ClCompile Include="src\DescriptorAllocator\DescriptorAllocator.cpp">
      <Filter>源文件\DescriptorAllocator</Filter>
    </ClCompile>
    <ClCompile Include="src\DescriptorAllocator\DescriptorAllocatorPage.cpp">
      <Filter>源文件\DescriptorAllocator</Filter>
    </ClCompile>
  </ItemGroup>
  <ItemGroup>
    <ClInclude Include="inc\Application.h">
      <Filter>头文件</Filter>
    </ClInclude>
    <ClInclude Include="inc\CommandQueue.h">
      <Filter>头文件</Filter>
    </ClInclude>
    <ClInclude Include="inc\Engine.h">
      <Filter>头文件</Filter>
    </ClInclude>
    <ClInclude Include="inc\Events.h">
      <Filter>头文件</Filter>
    </ClInclude>
    <ClInclude Include="inc\Helpers.h">
      <Filter>头文件</Filter>
    </ClInclude>
    <ClInclude Include="inc\HighResolutionClock.h">
      <Filter>头文件</Filter>
    </ClInclude>
    <ClInclude Include="inc\KeyCodes.h">
      <Filter>头文件</Filter>
    </ClInclude>
    <ClInclude Include="inc\Window.h">
      <Filter>头文件</Filter>
    </ClInclude>
    <ClInclude Include="inc\Debug.h">
      <Filter>头文件</Filter>
    </ClInclude>
    <ClInclude Include="inc\SampleScene.h">
      <Filter>头文件</Filter>
    </ClInclude>
    <ClInclude Include="inc\LogQueue.h">
      <Filter>头文件</Filter>
    </ClInclude>
    <ClInclude Include="external\DXRHelpers\nv_helpers_dx12\BottomLevelASGenerator.h">
      <Filter>头文件</Filter>
    </ClInclude>
    <ClInclude Include="external\DXRHelpers\DXRHelper.h">
      <Filter>头文件\DXRHelper</Filter>
    </ClInclude>
    <ClInclude Include="external\DXRHelpers\nv_helpers_dx12\RaytracingPipelineGenerator.h">
      <Filter>头文件\DXRHelper</Filter>
    </ClInclude>
    <ClInclude Include="external\DXRHelpers\nv_helpers_dx12\RootSignatureGenerator.h">
      <Filter>头文件\DXRHelper</Filter>
    </ClInclude>
    <ClInclude Include="external\DXRHelpers\nv_helpers_dx12\ShaderBindingTableGenerator.h">
      <Filter>头文件\DXRHelper</Filter>
    </ClInclude>
    <ClInclude Include="external\DXRHelpers\nv_helpers_dx12\TopLevelASGenerator.h">
      <Filter>头文件\DXRHelper</Filter>
    </ClInclude>
    <ClInclude Include="inc\Camera.h">
      <Filter>头文件</Filter>
    </ClInclude>
    <ClInclude Include="inc\StorageDefines.h">
      <Filter>头文件</Filter>
    </ClInclude>
    <ClInclude Include="inc\UploadBuffer.h">
      <Filter>头文件</Filter>
    </ClInclude>
    <ClInclude Include="inc\Math.h">
      <Filter>头文件</Filter>
    </ClInclude>
    <ClInclude Include="inc\Raster\RasterPipeline.h">
      <Filter>头文件\Raster</Filter>
    </ClInclude>
    <ClInclude Include="inc\Raytracing\RaytracingPipeline.h">
      <Filter>头文件\Raytracing</Filter>
    </ClInclude>
    <ClInclude Include="inc\DescriptorAllocator\DescriptorAllocation.h">
      <Filter>头文件\DescriptorAllocator</Filter>
    </ClInclude>
    <ClInclude Include="inc\DescriptorAllocator\DescriptorAllocator.h">
      <Filter>头文件\DescriptorAllocator</Filter>
    </ClInclude>
    <ClInclude Include="inc\DescriptorAllocator\DescriptorAllocatorPage.h">
      <Filter>头文件\DescriptorAllocator</Filter>
    </ClInclude>
  </ItemGroup>
  <ItemGroup>
    <FxCompile Include="res\VertexShader.hlsl">
      <Filter>资源文件</Filter>
    </FxCompile>
    <FxCompile Include="res\PixelShader.hlsl">
      <Filter>资源文件</Filter>
    </FxCompile>
    <FxCompile Include="..\x64\Debug\RayTracingShaders\Common.hlsl">
      <Filter>资源文件\RayTracingShaders</Filter>
    </FxCompile>
    <FxCompile Include="..\x64\Debug\RayTracingShaders\Hit.hlsl">
      <Filter>资源文件\RayTracingShaders</Filter>
    </FxCompile>
    <FxCompile Include="..\x64\Debug\RayTracingShaders\Miss.hlsl">
      <Filter>资源文件\RayTracingShaders</Filter>
    </FxCompile>
    <FxCompile Include="..\x64\Debug\RayTracingShaders\RayGen.hlsl">
      <Filter>资源文件\RayTracingShaders</Filter>
    </FxCompile>
  </ItemGroup>
</Project>